{
  "version": "5",
  "specifiers": {
    "jsr:@std/assert@1.0.19": "1.0.19",
    "jsr:@std/cli@1.0.28": "1.0.28",
    "jsr:@std/internal@^1.0.12": "1.0.13",
    "jsr:@std/path@1.1.4": "1.1.4"
  },
  "jsr": {
    "@std/assert@1.0.19": {
      "integrity": "eaada96ee120cb980bc47e040f82814d786fe8162ecc53c91d8df60b8755991e",
      "dependencies": [
        "jsr:@std/internal"
      ]
    },
    "@std/cli@1.0.28": {
      "integrity": "74ef9b976db59ca6b23a5283469c9072be6276853807a83ec6c7ce412135c70a"
    },
    "@std/internal@1.0.13": {
      "integrity": "2f9546691d4ac2d32859c82dff284aaeac980ddeca38430d07941e7e288725c0"
    },
    "@std/path@1.1.4": {
      "integrity": "1d2d43f39efb1b42f0b1882a25486647cb851481862dc7313390b2bb044314b5",
      "dependencies": [
        "jsr:@std/internal"
      ]
    }
  },
  "redirects": {
    "https://esm.sh/@types/linkify-it@~5.0.0/index.d.ts": "https://esm.sh/@types/linkify-it@5.0.0/index.d.ts",
    "https://esm.sh/@types/markdown-it@~14.1.2/index.d.ts": "https://esm.sh/@types/markdown-it@14.1.2/index.d.ts",
    "https://esm.sh/@types/mdurl@~2.0.0/index.d.ts": "https://esm.sh/@types/mdurl@2.0.0/index.d.ts",
    "https://esm.sh/entities@^4.4.0?target=denonext": "https://esm.sh/entities@4.5.0?target=denonext",
    "https://esm.sh/linkify-it@^5.0.0?target=denonext": "https://esm.sh/linkify-it@5.0.1?target=denonext",
    "https://esm.sh/mdurl@^2.0.0?target=denonext": "https://esm.sh/mdurl@2.0.0?target=denonext",
    "https://esm.sh/punycode.js@^2.3.1?target=denonext": "https://esm.sh/punycode.js@2.3.1?target=denonext",
    "https://esm.sh/uc.micro@^2.0.0?target=denonext": "https://esm.sh/uc.micro@2.1.0?target=denonext",
    "https://esm.sh/uc.micro@^2.1.0?target=denonext": "https://esm.sh/uc.micro@2.1.0?target=denonext"
  },
  "remote": {
    "https://esm.sh/entities@4.5.0/denonext/entities.mjs": "4a9306e4021ae1079e83b5db26e1678c536fa69c8f2839802bc3cc43282cef08",
    "https://esm.sh/entities@4.5.0/denonext/lib/decode.mjs": "ef22e25f6bca668e40c4f7d4ecaebe2172a833a18372d55b54f997d0d8702dcd",
    "https://esm.sh/entities@4.5.0/denonext/lib/escape.mjs": "116aef78e5ff05efa6f79851b8b59da025ab88f5c25d2262f73df98f4d57c3fa",
    "https://esm.sh/entities@4.5.0?target=denonext": "f6bc559c07f40e94b3ef50f0b24e2666a2258db3b6697bf4da8fd2fc014ef7a1",
    "https://esm.sh/highlight.js@11.11.1/denonext/lib/core.mjs": "23962644be53cacc8e8783f8e58550e33abe32c3fcfe1bda09881657db54df67",
    "https://esm.sh/highlight.js@11.11.1/denonext/lib/languages/bash.mjs": "dd3e373b46a912d2490b983df62ce16b1aaf87cb28c52ffafc4026595a80074b",
    "https://esm.sh/highlight.js@11.11.1/denonext/lib/languages/cpp.mjs": "c514e9f7fa9d11a928f9215eea114ffbcd7e2b1c33078791e8a691f34e30cc72",
    "https://esm.sh/highlight.js@11.11.1/denonext/lib/languages/csharp.mjs": "60c4ad1ca4635a07926596574db53fb41f4bb9c02f80539fbb386377ca3dec43",
    "https://esm.sh/highlight.js@11.11.1/denonext/lib/languages/css.mjs": "7aa15d0c66fdf4ab2639e7b5713215be88ae043ae613f3973f5f68ba91e300ca",
    "https://esm.sh/highlight.js@11.11.1/denonext/lib/languages/diff.mjs": "d83ad6a3794b66615a2930bc19712f1f3daab4d0f9522687168138c39c266700",
    "https://esm.sh/highlight.js@11.11.1/denonext/lib/languages/go.mjs": "00084698799b74a3eb3839f46972d354f042ef3376c95c7fa8a598f45fe78d55",
    "https://esm.sh/highlight.js@11.11.1/denonext/lib/languages/java.mjs": "e07ae2048ba2d4b2fd7ab43b1068e157489392910bac03fce2985142a8ddecaf",
    "https://esm.sh/highlight.js@11.11.1/denonext/lib/languages/javascript.mjs": "f2854944617689b73b0e6d299a2f135e1cb151c4e057ec953c0be7cbb746d470",
    "https://esm.sh/highlight.js@11.11.1/denonext/lib/languages/json.mjs": "d7331bf2625ae575d626f56484a2e4f53c506cb25814c9135c0f0a438913366a",
    "https://esm.sh/highlight.js@11.11.1/denonext/lib/languages/kotlin.mjs": "28e27149c60ba14688f1160e8f5d1d1b5f059bfc94b709b1d5eaee9540804b67",
    "https://esm.sh/highlight.js@11.11.1/denonext/lib/languages/markdown.mjs": "d9a5cb18916efe022fbbba3843787b7b95ee38f2df0f1915d5c55c5695c19771",
    "https://esm.sh/highlight.js@11.11.1/denonext/lib/languages/php.mjs": "7be3c8da8a9189f63fa9e7b7054911db86b26823ee10e42cf44765d420adf42e",
    "https://esm.sh/highlight.js@11.11.1/denonext/lib/languages/python.mjs": "f96e5012edde068450ad0b481328d08016089b79b90a28e96202ad3d015261a5",
    "https://esm.sh/highlight.js@11.11.1/denonext/lib/languages/ruby.mjs": "37d5171f74047da78b5ba412ddfa92b8ae394d1143119aa09792ac45e3e48ae6",
    "https://esm.sh/highlight.js@11.11.1/denonext/lib/languages/rust.mjs": "49d324eea83b464e6fd537f6513ef15af62f4ea9acce6683a60cdf493146a44d",
    "https://esm.sh/highlight.js@11.11.1/denonext/lib/languages/sql.mjs": "8fdd87d76a6918b079df934e64d6cdc4817a6f6258edc8dd144ba0accc362a8d",
    "https://esm.sh/highlight.js@11.11.1/denonext/lib/languages/typescript.mjs": "4d1951442537f483c1734013c90b193b057e35114c81de99c4269ad8ff9dfea1",
    "https://esm.sh/highlight.js@11.11.1/denonext/lib/languages/xml.mjs": "6bc848e84048bb8152b9b1782585ce5c6c4f5d75489f2ce68aadaf6f1351a6be",
    "https://esm.sh/highlight.js@11.11.1/denonext/lib/languages/yaml.mjs": "7d8aaf3bf55414be3598e813341f6dbb28e6a8b215b5ed9c64fe2e216556ee47",
    "https://esm.sh/highlight.js@11.11.1/lib/core": "8c8269fa2c82cb7197fd3561409007436f86ec38fe2f0f473f64e62a60eea89d",
    "https://esm.sh/highlight.js@11.11.1/lib/languages/bash": "2c99cfc7f7047ff67427bdfe2f62bf20c3e7ec6f088fbae1ab140d9070bebfcb",
    "https://esm.sh/highlight.js@11.11.1/lib/languages/cpp": "a135ac8366e314a1c1f86e46acb2e8e2b3f9696d9a6bf462453c5a158cfa8cd0",
    "https://esm.sh/highlight.js@11.11.1/lib/languages/csharp": "3d25b4dcafcff5f6e746a7cb2aff92c95e8da20d6ce42a13ee451ff79e057d5e",
    "https://esm.sh/highlight.js@11.11.1/lib/languages/css": "4231851ca23b478574f810ad4afce0d66ac01c4fa4ede3e877667e23bfcbfe20",
    "https://esm.sh/highlight.js@11.11.1/lib/languages/diff": "5ba31a34284307ec2a394b91a6a97000d3f907f444568f65f343638e62ad238e",
    "https://esm.sh/highlight.js@11.11.1/lib/languages/go": "b68deaae6a2e23943afc3991619ea5666c3b865b683d58bbc2829db6004ccf57",
    "https://esm.sh/highlight.js@11.11.1/lib/languages/java": "c1c65b54de91f6297a526335ec833b356b10290e88e84da05c07444e3a82ef0c",
    "https://esm.sh/highlight.js@11.11.1/lib/languages/javascript": "cce5a6debfebaaceed1073b10f83701cbf98dcf48cf08f291c2cc0af48d13837",
    "https://esm.sh/highlight.js@11.11.1/lib/languages/json": "d7426be746ddba9ad385d3fca125389f70e7cdf5d56d04fa9789270a7e520ff3",
    "https://esm.sh/highlight.js@11.11.1/lib/languages/kotlin": "fc0ea5c78e06b69108af7fc0d2c44ef94cbf914e5a07bef50f9bdeeb4364eaa8",
    "https://esm.sh/highlight.js@11.11.1/lib/languages/markdown": "b098c64117d55b7e0ae4c55944d84fb15404be97a702e697d57b1fd3ef1ce8d9",
    "https://esm.sh/highlight.js@11.11.1/lib/languages/php": "7f481cc1db62c87caa796e69ca5919b8bcb636668da71d8107f41fd5ba06edb2",
    "https://esm.sh/highlight.js@11.11.1/lib/languages/python": "ecee4efda6812d2cff45661758c7f30fb2cc0a74ae13d1da38969c6cc3ff8068",
    "https://esm.sh/highlight.js@11.11.1/lib/languages/ruby": "ba6e1c004b85418c71460373f9882233f8734b80771996ac17a1a637aae41ca0",
    "https://esm.sh/highlight.js@11.11.1/lib/languages/rust": "33d97f103f0814d3f7a6b4563ab76d272dd3d162bec2374acd43eaa2fcdc155d",
    "https://esm.sh/highlight.js@11.11.1/lib/languages/sql": "2e761ec4b0fd8fcfe0d800cceadcf2c36f7430c3580e5ee24a50b019903d2b9e",
    "https://esm.sh/highlight.js@11.11.1/lib/languages/typescript": "6b90129cd6f65e9da81f3754d65db9e80ffcc91d4aeab5ffdebde91cf04ec4b8",
    "https://esm.sh/highlight.js@11.11.1/lib/languages/xml": "a381596af3cd4753cf000cfcc221836bf7a2a4e3db0056edfb10094557edc93e",
    "https://esm.sh/highlight.js@11.11.1/lib/languages/yaml": "0a5282f65c9de2f487236af0194354319b7473d1db976b5e0c7c40c903537ef0",
    "https://esm.sh/linkify-it@5.0.1/denonext/linkify-it.mjs": "75f6d53ce773b4d5c725817c03952a0e34549ecaa81eb15189eaf285a9f17c6d",
    "https://esm.sh/linkify-it@5.0.1?target=denonext": "4475dc336936524d9d1486dd59878151a7aad4cf3d4149e17ad8ee4df2b0ac5d",
    "https://esm.sh/markdown-it@14.1.0": "9e8bdbf015e4a5846ac70f064e99a4d545cc8d4c8a2b4addb4082b2c5cae6ecf",
    "https://esm.sh/markdown-it@14.1.0/denonext/markdown-it.mjs": "aeee91dc42eaae3040a49cb7e54e5329a806a249f3eab097b0ab50f3f2142549",
    "https://esm.sh/mdurl@2.0.0/denonext/mdurl.mjs": "9caaf7d215e2f02a53c67e6d1e167ff494f23ba9ecacfb12782b63ef8a332018",
    "https://esm.sh/mdurl@2.0.0?target=denonext": "ac735e233b20c20faa132417f19f0039579b6cdfad8df23eacba78ce771dea23",
    "https://esm.sh/punycode.js@2.3.1/denonext/punycode.mjs": "91fcd4eab87734cc0b84f71999b151c798f4bda8b922a337bfd3af3109a7e0b5",
    "https://esm.sh/punycode.js@2.3.1?target=denonext": "064a07cbb94fe9b75188cd1f0f53adda967ae5d81f1a4fab9774e3ca28b00516",
    "https://esm.sh/uc.micro@2.1.0/denonext/uc.micro.mjs": "549d36fd64ab29703da6e300957bed9de0dae7d7218eca8bbe6681994133e8b0",
    "https://esm.sh/uc.micro@2.1.0?target=denonext": "92a78210f1d78f8d3b7a23db7e9c9b893421f1986ea9faa0b972f654a8aaaab6"
  },
  "workspace": {
    "dependencies": [
      "jsr:@std/assert@1.0.19",
      "jsr:@std/cli@1.0.28",
      "jsr:@std/path@1.1.4"
    ]
  }
}
